
Microsoft Visual Studio Solution File, Format Version 12.00
# Visual Studio Version 16
VisualStudioVersion = 16.0.29102.190
MinimumVisualStudioVersion = 10.0.40219.1
Project("{FAE04EC0-301F-11D3-BF4B-00C04F79EFBC}") = "Kursovaia", "Kursovaia\Kursovaia.csproj", "{EDD58888-9E4D-4CDD-A3D7-54434D1FC2FB}"
EndProject
Global
	GlobalSection(SolutionConfigurationPlatforms) = preSolution
		Debug|Any CPU = Debug|Any CPU
		Release|Any CPU = Release|Any CPU
	EndGlobalSection
	GlobalSection(ProjectConfigurationPlatforms) = postSolution
		{EDD58888-9E4D-4CDD-A3D7-54434D1FC2FB}.Debug|Any CPU.ActiveCfg = Debug|Any CPU
		{EDD58888-9E4D-4CDD-A3D7-54434D1FC2FB}.Debug|Any CPU.Build.0 = Debug|Any CPU
		{EDD58888-9E4D-4CDD-A3D7-54434D1FC2FB}.Release|Any CPU.ActiveCfg = Release|Any CPU
		{EDD58888-9E4D-4CDD-A3D7-54434D1FC2FB}.Release|Any CPU.Build.0 = Release|Any CPU
	EndGlobalSection
	GlobalSection(SolutionProperties) = preSolution
		HideSolutionNode = FALSE
	EndGlobalSection
	GlobalSection(ExtensibilityGlobals) = postSolution
		SolutionGuid = {67310316-69B3-4D4E-971F-112101F8D97B}
	EndGlobalSection
EndGlobal
